
Microsoft Visual Studio Solution File, Format Version 12.00
# Visual Studio Version 17
VisualStudioVersion = 17.8.34309.116
MinimumVisualStudioVersion = 10.0.40219.1
Project("{FAE04EC0-301F-11D3-BF4B-00C04F79EFBC}") = "DeliveryToCustomers", "DeliveryToCustomers\DeliveryToCustomers.csproj", "{6B94AF3C-773E-4592-91FA-35696408B155}"
EndProject
Global
	GlobalSection(SolutionConfigurationPlatforms) = preSolution
		Debug|Any CPU = Debug|Any CPU
		Release|Any CPU = Release|Any CPU
	EndGlobalSection
	GlobalSection(ProjectConfigurationPlatforms) = postSolution
		{6B94AF3C-773E-4592-91FA-35696408B155}.Debug|Any CPU.ActiveCfg = Debug|Any CPU
		{6B94AF3C-773E-4592-91FA-35696408B155}.Debug|Any CPU.Build.0 = Debug|Any CPU
		{6B94AF3C-773E-4592-91FA-35696408B155}.Release|Any CPU.ActiveCfg = Release|Any CPU
		{6B94AF3C-773E-4592-91FA-35696408B155}.Release|Any CPU.Build.0 = Release|Any CPU
	EndGlobalSection
	GlobalSection(SolutionProperties) = preSolution
		HideSolutionNode = FALSE
	EndGlobalSection
	GlobalSection(ExtensibilityGlobals) = postSolution
		SolutionGuid = {16071B13-A4D1-491F-A4A2-1DC81F9D3D83}
	EndGlobalSection
EndGlobal
